// !$*UTF8*$!
{
	archiveVersion = 1;
	classes = {
	};
	objectVersion = 56;
	objects = {

/* Begin PBXBuildFile section */
		B00000000000000000000001 /* NookApp.swift in Sources */ = {isa = PBXBuildFile; fileRef = B00000000000000000000000 /* NookApp.swift */; };
		B10000000000000000000001 /* CornerConfig.swift in Sources */ = {isa = PBXBuildFile; fileRef = B10000000000000000000000 /* CornerConfig.swift */; };
		B20000000000000000000001 /* CornerDetectionEngine.swift in Sources */ = {isa = PBXBuildFile; fileRef = B20000000000000000000000 /* CornerDetectionEngine.swift */; };
		B30000000000000000000001 /* ActionExecutor.swift in Sources */ = {isa = PBXBuildFile; fileRef = B30000000000000000000000 /* ActionExecutor.swift */; };
		B40000000000000000000001 /* PermissionManager.swift in Sources */ = {isa = PBXBuildFile; fileRef = B40000000000000000000000 /* PermissionManager.swift */; };
		B50000000000000000000001 /* ConfigStore.swift in Sources */ = {isa = PBXBuildFile; fileRef = B50000000000000000000000 /* ConfigStore.swift */; };
		B51000000000000000000001 /* MenuBarManager.swift in Sources */ = {isa = PBXBuildFile; fileRef = B51000000000000000000000 /* MenuBarManager.swift */; };
		B60000000000000000000001 /* MainView.swift in Sources */ = {isa = PBXBuildFile; fileRef = B60000000000000000000000 /* MainView.swift */; };
		B70000000000000000000001 /* ScreenCornerView.swift in Sources */ = {isa = PBXBuildFile; fileRef = B70000000000000000000000 /* ScreenCornerView.swift */; };
		B80000000000000000000001 /* CornerConfigSheet.swift in Sources */ = {isa = PBXBuildFile; fileRef = B80000000000000000000000 /* CornerConfigSheet.swift */; };
		B90000000000000000000001 /* SettingsView.swift in Sources */ = {isa = PBXBuildFile; fileRef = B90000000000000000000000 /* SettingsView.swift */; };
		BA0000000000000000000001 /* PermissionView.swift in Sources */ = {isa = PBXBuildFile; fileRef = BA0000000000000000000000 /* PermissionView.swift */; };
		BB0000000000000000000001 /* Assets.xcassets in Resources */ = {isa = PBXBuildFile; fileRef = BB0000000000000000000000 /* Assets.xcassets */; };
/* End PBXBuildFile section */

/* Begin PBXFileReference section */
		777777777777777777777777 /* Nook.app */ = {isa = PBXFileReference; explicitFileType = wrapper.application; includeInIndex = 0; path = Nook.app; sourceTree = BUILT_PRODUCTS_DIR; };
		B00000000000000000000000 /* NookApp.swift */ = {isa = PBXFileReference; lastKnownFileType = sourcecode.swift; path = NookApp.swift; sourceTree = "<group>"; };
		B10000000000000000000000 /* CornerConfig.swift */ = {isa = PBXFileReference; lastKnownFileType = sourcecode.swift; path = CornerConfig.swift; sourceTree = "<group>"; };
		B20000000000000000000000 /* CornerDetectionEngine.swift */ = {isa = PBXFileReference; lastKnownFileType = sourcecode.swift; path = CornerDetectionEngine.swift; sourceTree = "<group>"; };
		B30000000000000000000000 /* ActionExecutor.swift */ = {isa = PBXFileReference; lastKnownFileType = sourcecode.swift; path = ActionExecutor.swift; sourceTree = "<group>"; };
		B40000000000000000000000 /* PermissionManager.swift */ = {isa = PBXFileReference; lastKnownFileType = sourcecode.swift; path = PermissionManager.swift; sourceTree = "<group>"; };
		B50000000000000000000000 /* ConfigStore.swift */ = {isa = PBXFileReference; lastKnownFileType = sourcecode.swift; path = ConfigStore.swift; sourceTree = "<group>"; };
		B51000000000000000000000 /* MenuBarManager.swift */ = {isa = PBXFileReference; lastKnownFileType = sourcecode.swift; path = MenuBarManager.swift; sourceTree = "<group>"; };
		B60000000000000000000000 /* MainView.swift */ = {isa = PBXFileReference; lastKnownFileType = sourcecode.swift; path = MainView.swift; sourceTree = "<group>"; };
		B70000000000000000000000 /* ScreenCornerView.swift */ = {isa = PBXFileReference; lastKnownFileType = sourcecode.swift; path = ScreenCornerView.swift; sourceTree = "<group>"; };
		B80000000000000000000000 /* CornerConfigSheet.swift */ = {isa = PBXFileReference; lastKnownFileType = sourcecode.swift; path = CornerConfigSheet.swift; sourceTree = "<group>"; };
		B90000000000000000000000 /* SettingsView.swift */ = {isa = PBXFileReference; lastKnownFileType = sourcecode.swift; path = SettingsView.swift; sourceTree = "<group>"; };
		BA0000000000000000000000 /* PermissionView.swift */ = {isa = PBXFileReference; lastKnownFileType = sourcecode.swift; path = PermissionView.swift; sourceTree = "<group>"; };
		BB0000000000000000000000 /* Assets.xcassets */ = {isa = PBXFileReference; lastKnownFileType = folder.assetcatalog; path = Assets.xcassets; sourceTree = "<group>"; };
		BC0000000000000000000000 /* Info.plist */ = {isa = PBXFileReference; lastKnownFileType = text.plist.xml; path = Info.plist; sourceTree = "<group>"; };
		BD0000000000000000000000 /* Nook.entitlements */ = {isa = PBXFileReference; lastKnownFileType = text.plist.entitlements; path = Nook.entitlements; sourceTree = "<group>"; };
/* End PBXFileReference section */

/* Begin PBXFrameworksBuildPhase section */
		999999999999999999999999 /* Frameworks */ = {
			isa = PBXFrameworksBuildPhase;
			buildActionMask = 2147483647;
			files = (
			);
			runOnlyForDeploymentPostprocessing = 0;
		};
/* End PBXFrameworksBuildPhase section */

/* Begin PBXGroup section */
		333333333333333333333333 /* Main Group */ = {
			isa = PBXGroup;
			children = (
				444444444444444444444444 /* Nook */,
				555555555555555555555555 /* Products */,
			);
			sourceTree = "<group>";
		};
		444444444444444444444444 /* Nook */ = {
			isa = PBXGroup;
			children = (
				B00000000000000000000000 /* NookApp.swift */,
				44444444444444444444444M /* Models */,
				44444444444444444444444S /* Services */,
				44444444444444444444444V /* Views */,
				BB0000000000000000000000 /* Assets.xcassets */,
				BC0000000000000000000000 /* Info.plist */,
				BD0000000000000000000000 /* Nook.entitlements */,
			);
			path = Nook;
			sourceTree = "<group>";
		};
		44444444444444444444444M /* Models */ = {
			isa = PBXGroup;
			children = (
				B10000000000000000000000 /* CornerConfig.swift */,
			);
			path = Models;
			sourceTree = "<group>";
		};
		44444444444444444444444S /* Services */ = {
			isa = PBXGroup;
			children = (
				B20000000000000000000000 /* CornerDetectionEngine.swift */,
				B30000000000000000000000 /* ActionExecutor.swift */,
				B40000000000000000000000 /* PermissionManager.swift */,
				B50000000000000000000000 /* ConfigStore.swift */,
				B51000000000000000000000 /* MenuBarManager.swift */,
			);
			path = Services;
			sourceTree = "<group>";
		};
		44444444444444444444444V /* Views */ = {
			isa = PBXGroup;
			children = (
				B60000000000000000000000 /* MainView.swift */,
				B70000000000000000000000 /* ScreenCornerView.swift */,
				B80000000000000000000000 /* CornerConfigSheet.swift */,
				B90000000000000000000000 /* SettingsView.swift */,
				BA0000000000000000000000 /* PermissionView.swift */,
			);
			path = Views;
			sourceTree = "<group>";
		};
		555555555555555555555555 /* Products */ = {
			isa = PBXGroup;
			children = (
				777777777777777777777777 /* Nook.app */,
			);
			name = Products;
			sourceTree = "<group>";
		};
/* End PBXGroup section */

/* Begin PBXNativeTarget section */
		666666666666666666666666 /* Nook */ = {
			isa = PBXNativeTarget;
			buildConfigurationList = D00000000000000000000000 /* Build configuration list for PBXNativeTarget "Nook" */;
			buildPhases = (
				888888888888888888888888 /* Sources */,
				999999999999999999999999 /* Frameworks */,
				AAAAAAAAAAAAAAAAAAAAAAAA /* Resources */,
			);
			buildRules = (
			);
			dependencies = (
			);
			name = Nook;
			productName = Nook;
			productReference = 777777777777777777777777 /* Nook.app */;
			productType = "com.apple.product-type.application";
		};
/* End PBXNativeTarget section */

/* Begin PBXProject section */
		222222222222222222222222 /* Project object */ = {
			isa = PBXProject;
			attributes = {
				BuildIndependentTargetsInParallel = 1;
				LastSwiftUpdateCheck = 1420;
				LastUpgradeCheck = 1420;
				TargetAttributes = {
					666666666666666666666666 = {
						CreatedOnToolsVersion = 14.2;
					};
				};
			};
			buildConfigurationList = C00000000000000000000000 /* Build configuration list for PBXProject "Nook" */;
			compatibilityVersion = "Xcode 14.0";
			developmentRegion = en;
			hasScannedForEncodings = 0;
			knownRegions = (
				en,
				Base,
			);
			mainGroup = 333333333333333333333333 /* Main Group */;
			productRefGroup = 555555555555555555555555 /* Products */;
			projectDirPath = "";
			projectRoot = "";
			targets = (
				666666666666666666666666 /* Nook */,
			);
		};
/* End PBXProject section */

/* Begin PBXResourcesBuildPhase section */
		AAAAAAAAAAAAAAAAAAAAAAAA /* Resources */ = {
			isa = PBXResourcesBuildPhase;
			buildActionMask = 2147483647;
			files = (
				BB0000000000000000000001 /* Assets.xcassets in Resources */,
			);
			runOnlyForDeploymentPostprocessing = 0;
		};
/* End PBXResourcesBuildPhase section */

/* Begin PBXSourcesBuildPhase section */
		888888888888888888888888 /* Sources */ = {
			isa = PBXSourcesBuildPhase;
			buildActionMask = 2147483647;
			files = (
				B00000000000000000000001 /* NookApp.swift in Sources */,
				B10000000000000000000001 /* CornerConfig.swift in Sources */,
				B20000000000000000000001 /* CornerDetectionEngine.swift in Sources */,
				B30000000000000000000001 /* ActionExecutor.swift in Sources */,
				B40000000000000000000001 /* PermissionManager.swift in Sources */,
				B50000000000000000000001 /* ConfigStore.swift in Sources */,
				B51000000000000000000001 /* MenuBarManager.swift in Sources */,
				B60000000000000000000001 /* MainView.swift in Sources */,
				B70000000000000000000001 /* ScreenCornerView.swift in Sources */,
				B80000000000000000000001 /* CornerConfigSheet.swift in Sources */,
				B90000000000000000000001 /* SettingsView.swift in Sources */,
				BA0000000000000000000001 /* PermissionView.swift in Sources */,
			);
			runOnlyForDeploymentPostprocessing = 0;
		};
/* End PBXSourcesBuildPhase section */

/* Begin XCBuildConfiguration section */
		C00000000000000000000001 /* Debug */ = {
			isa = XCBuildConfiguration;
			buildSettings = {
				ALWAYS_SEARCH_USER_PATHS = NO;
				CLANG_ANALYZER_NONNULL = YES;
				CLANG_ANALYZER_NUMBER_OBJECT_CONVERSION = YES_AGGRESSIVE;
				CLANG_CXX_LANGUAGE_STANDARD = "gnu++20";
				CLANG_ENABLE_MODULES = YES;
				CLANG_ENABLE_OBJC_ARC = YES;
				CLANG_ENABLE_OBJC_WEAK = YES;
				CLANG_WARN_BLOCK_CAPTURE_AUTORELEASING = YES;
				CLANG_WARN_BOOL_CONVERSION = YES;
				CLANG_WARN_COMMA = YES;
				CLANG_WARN_CONSTANT_CONVERSION = YES;
				CLANG_WARN_DEPRECATED_OBJC_IMPLEMENTATIONS = YES;
				CLANG_WARN_DIRECT_OBJC_ISA_USAGE = YES_ERROR;
				CLANG_WARN_DOCUMENTATION_COMMENTS = YES;
				CLANG_WARN_EMPTY_BODY = YES;
				CLANG_WARN_ENUM_CONVERSION = YES;
				CLANG_WARN_INFINITE_RECURSION = YES;
				CLANG_WARN_INT_CONVERSION = YES;
				CLANG_WARN_NON_LITERAL_NULL_CONVERSION = YES;
				CLANG_WARN_OBJC_IMPLICIT_RETAIN_SELF = YES;
				CLANG_WARN_OBJC_LITERAL_CONVERSION = YES;
				CLANG_WARN_OBJC_ROOT_CLASS = YES_ERROR;
				CLANG_WARN_QUOTED_INCLUDE_IN_FRAMEWORK_HEADER = YES;
				CLANG_WARN_RANGE_LOOP_ANALYSIS = YES;
				CLANG_WARN_STRICT_PROTOTYPES = YES;
				CLANG_WARN_SUSPICIOUS_MOVE = YES;
				CLANG_WARN_UNGUARDED_AVAILABILITY = YES_AGGRESSIVE;
				CLANG_WARN_UNREACHABLE_CODE = YES;
				CLANG_WARN__DUPLICATE_METHOD_MATCH = YES;
				COPY_PHASE_STRIP = NO;
				DEBUG_INFORMATION_FORMAT = dwarf;
				ENABLE_STRICT_OBJC_MSGSEND = YES;
				ENABLE_TESTABILITY = YES;
				GCC_C_LANGUAGE_STANDARD = gnu11;
				GCC_DYNAMIC_NO_PIC = NO;
				GCC_NO_COMMON_BLOCKS = YES;
				GCC_OPTIMIZATION_LEVEL = 0;
				GCC_PREPROCESSOR_DEFINITIONS = (
					"DEBUG=1",
					"$(inherited)",
				);
				GCC_WARN_64_TO_32_BIT_CONVERSION = YES;
				GCC_WARN_ABOUT_RETURN_TYPE = YES_ERROR;
				GCC_WARN_UNDECLARED_SELECTOR = YES;
				GCC_WARN_UNINITIALIZED_AUTOS = YES_AGGRESSIVE;
				GCC_WARN_UNUSED_FUNCTION = YES;
				GCC_WARN_UNUSED_VARIABLE = YES;
				MACOSX_DEPLOYMENT_TARGET = 13.0;
				MTL_ENABLE_DEBUG_INFO = INCLUDE_SOURCE;
				MTL_FAST_MATH = YES;
				ONLY_ACTIVE_ARCH = YES;
				SWIFT_ACTIVE_COMPILATION_CONDITIONS = DEBUG;
				SWIFT_OPTIMIZATION_LEVEL = "-Onone";
			};
			name = Debug;
		};
		C00000000000000000000002 /* Release */ = {
			isa = XCBuildConfiguration;
			buildSettings = {
				ALWAYS_SEARCH_USER_PATHS = NO;
				CLANG_ANALYZER_NONNULL = YES;
				CLANG_ANALYZER_NUMBER_OBJECT_CONVERSION = YES_AGGRESSIVE;
				CLANG_CXX_LANGUAGE_STANDARD = "gnu++20";
				CLANG_ENABLE_MODULES = YES;
				CLANG_ENABLE_OBJC_ARC = YES;
				CLANG_ENABLE_OBJC_WEAK = YES;
				CLANG_WARN_BLOCK_CAPTURE_AUTORELEASING = YES;
				CLANG_WARN_BOOL_CONVERSION = YES;
				CLANG_WARN_COMMA = YES;
				CLANG_WARN_CONSTANT_CONVERSION = YES;
				CLANG_WARN_DEPRECATED_OBJC_IMPLEMENTATIONS = YES;
				CLANG_WARN_DIRECT_OBJC_ISA_USAGE = YES_ERROR;
				CLANG_WARN_DOCUMENTATION_COMMENTS = YES;
				CLANG_WARN_EMPTY_BODY = YES;
				CLANG_WARN_ENUM_CONVERSION = YES;
				CLANG_WARN_INFINITE_RECURSION = YES;
				CLANG_WARN_INT_CONVERSION = YES;
				CLANG_WARN_NON_LITERAL_NULL_CONVERSION = YES;
				CLANG_WARN_OBJC_IMPLICIT_RETAIN_SELF = YES;
				CLANG_WARN_OBJC_LITERAL_CONVERSION = YES;
				CLANG_WARN_OBJC_ROOT_CLASS = YES_ERROR;
				CLANG_WARN_QUOTED_INCLUDE_IN_FRAMEWORK_HEADER = YES;
				CLANG_WARN_RANGE_LOOP_ANALYSIS = YES;
				CLANG_WARN_STRICT_PROTOTYPES = YES;
				CLANG_WARN_SUSPICIOUS_MOVE = YES;
				CLANG_WARN_UNGUARDED_AVAILABILITY = YES_AGGRESSIVE;
				CLANG_WARN_UNREACHABLE_CODE = YES;
				CLANG_WARN__DUPLICATE_METHOD_MATCH = YES;
				COPY_PHASE_STRIP = NO;
				DEBUG_INFORMATION_FORMAT = "dwarf-with-dsym";
				ENABLE_NS_ASSERTIONS = NO;
				ENABLE_STRICT_OBJC_MSGSEND = YES;
				GCC_C_LANGUAGE_STANDARD = gnu11;
				GCC_NO_COMMON_BLOCKS = YES;
				GCC_WARN_64_TO_32_BIT_CONVERSION = YES;
				GCC_WARN_ABOUT_RETURN_TYPE = YES_ERROR;
				GCC_WARN_UNDECLARED_SELECTOR = YES;
				GCC_WARN_UNINITIALIZED_AUTOS = YES_AGGRESSIVE;
				GCC_WARN_UNUSED_FUNCTION = YES;
				GCC_WARN_UNUSED_VARIABLE = YES;
				MACOSX_DEPLOYMENT_TARGET = 13.0;
				MTL_ENABLE_DEBUG_INFO = NO;
				MTL_FAST_MATH = YES;
				SWIFT_COMPILATION_MODE = wholemodule;
				SWIFT_OPTIMIZATION_LEVEL = "-O";
			};
			name = Release;
		};
		D00000000000000000000001 /* Debug */ = {
			isa = XCBuildConfiguration;
			buildSettings = {
				ASSETCATALOG_COMPILER_APPICON_NAME = AppIcon;
				ASSETCATALOG_COMPILER_GLOBAL_ACCENT_COLOR_NAME = AccentColor;
				CODE_SIGN_ENTITLEMENTS = Nook/Nook.entitlements;
				CODE_SIGN_STYLE = Automatic;
				COMBINE_HIDPI_IMAGES = YES;
				DEVELOPMENT_ASSET_PATHS = "";
				ENABLE_HARDENED_RUNTIME = YES;
				ENABLE_PREVIEWS = YES;
				GENERATE_INFOPLIST_FILE = YES;
				INFOPLIST_FILE = Nook/Info.plist;
				LD_RUNPATH_SEARCH_PATHS = (
					"$(inherited)",
					"@executable_path/../Frameworks",
				);
				MACOSX_DEPLOYMENT_TARGET = 13.0;
				PRODUCT_BUNDLE_IDENTIFIER = com.nook.hotcorner;
				PRODUCT_NAME = "$(TARGET_NAME)";
				SWIFT_EMIT_LOC_STRINGS = YES;
				SWIFT_VERSION = 5.0;
			};
			name = Debug;
		};
		D00000000000000000000002 /* Release */ = {
			isa = XCBuildConfiguration;
			buildSettings = {
				ASSETCATALOG_COMPILER_APPICON_NAME = AppIcon;
				ASSETCATALOG_COMPILER_GLOBAL_ACCENT_COLOR_NAME = AccentColor;
				CODE_SIGN_ENTITLEMENTS = Nook/Nook.entitlements;
				CODE_SIGN_STYLE = Automatic;
				COMBINE_HIDPI_IMAGES = YES;
				DEVELOPMENT_ASSET_PATHS = "\"Nook/Preview Content\"";
				ENABLE_HARDENED_RUNTIME = YES;
				ENABLE_PREVIEWS = YES;
				GENERATE_INFOPLIST_FILE = YES;
				INFOPLIST_FILE = Nook/Info.plist;
				LD_RUNPATH_SEARCH_PATHS = (
					"$(inherited)",
					"@executable_path/../Frameworks",
				);
				MACOSX_DEPLOYMENT_TARGET = 13.0;
				PRODUCT_BUNDLE_IDENTIFIER = com.nook.hotcorner;
				PRODUCT_NAME = "$(TARGET_NAME)";
				SWIFT_EMIT_LOC_STRINGS = YES;
				SWIFT_VERSION = 5.0;
			};
			name = Release;
		};
/* End XCBuildConfiguration section */

/* Begin XCConfigurationList section */
		C00000000000000000000000 /* Build configuration list for PBXProject "Nook" */ = {
			isa = XCConfigurationList;
			buildConfigurations = (
				C00000000000000000000001 /* Debug */,
				C00000000000000000000002 /* Release */,
			);
			defaultConfigurationIsVisible = 0;
			defaultConfigurationName = Release;
		};
		D00000000000000000000000 /* Build configuration list for PBXNativeTarget "Nook" */ = {
			isa = XCConfigurationList;
			buildConfigurations = (
				D00000000000000000000001 /* Debug */,
				D00000000000000000000002 /* Release */,
			);
			defaultConfigurationIsVisible = 0;
			defaultConfigurationName = Release;
		};
/* End XCConfigurationList section */
	};
	rootObject = 222222222222222222222222 /* Project object */;
}
